// !$*UTF8*$!
{
	archiveVersion = 1;
	classes = {
	};
	objectVersion = 46;
	objects = {

/* Begin PBXBuildFile section */
		031D341B17B5312500C817F5 /* STTwitterAPI.m in Sources */ = {isa = PBXBuildFile; fileRef = 031D340D17B5312500C817F5 /* STTwitterAPI.m */; };
		031D341C17B5312500C817F5 /* STTwitterOAuth.m in Sources */ = {isa = PBXBuildFile; fileRef = 031D341017B5312500C817F5 /* STTwitterOAuth.m */; };
		031D341E17B5312500C817F5 /* STTwitterAppOnly.m in Sources */ = {isa = PBXBuildFile; fileRef = 031D341417B5312500C817F5 /* STTwitterAppOnly.m */; };
		031D341F17B5312500C817F5 /* STTwitterHTML.m in Sources */ = {isa = PBXBuildFile; fileRef = 031D341617B5312500C817F5 /* STTwitterHTML.m */; };
		031D342017B5312500C817F5 /* NSString+STTwitter.m in Sources */ = {isa = PBXBuildFile; fileRef = 031D341817B5312500C817F5 /* NSString+STTwitter.m */; };
		031D342117B5312500C817F5 /* STHTTPRequest+STTwitter.m in Sources */ = {isa = PBXBuildFile; fileRef = 031D341A17B5312500C817F5 /* STHTTPRequest+STTwitter.m */; };
		037F880C16D3A8ED00FE36C8 /* UIKit.framework in Frameworks */ = {isa = PBXBuildFile; fileRef = 037F880B16D3A8ED00FE36C8 /* UIKit.framework */; };
		037F880E16D3A8ED00FE36C8 /* Foundation.framework in Frameworks */ = {isa = PBXBuildFile; fileRef = 037F880D16D3A8ED00FE36C8 /* Foundation.framework */; };
		037F881016D3A8ED00FE36C8 /* CoreGraphics.framework in Frameworks */ = {isa = PBXBuildFile; fileRef = 037F880F16D3A8ED00FE36C8 /* CoreGraphics.framework */; };
		037F881616D3A8ED00FE36C8 /* InfoPlist.strings in Resources */ = {isa = PBXBuildFile; fileRef = 037F881416D3A8ED00FE36C8 /* InfoPlist.strings */; };
		037F881816D3A8ED00FE36C8 /* main.m in Sources */ = {isa = PBXBuildFile; fileRef = 037F881716D3A8ED00FE36C8 /* main.m */; };
		037F881C16D3A8ED00FE36C8 /* AppDelegate.m in Sources */ = {isa = PBXBuildFile; fileRef = 037F881B16D3A8ED00FE36C8 /* AppDelegate.m */; };
		037F881E16D3A8ED00FE36C8 /* Default.png in Resources */ = {isa = PBXBuildFile; fileRef = 037F881D16D3A8ED00FE36C8 /* Default.png */; };
		037F882016D3A8ED00FE36C8 /* Default@2x.png in Resources */ = {isa = PBXBuildFile; fileRef = 037F881F16D3A8ED00FE36C8 /* Default@2x.png */; };
		037F882216D3A8ED00FE36C8 /* Default-568h@2x.png in Resources */ = {isa = PBXBuildFile; fileRef = 037F882116D3A8ED00FE36C8 /* Default-568h@2x.png */; };
		037F882516D3A8ED00FE36C8 /* STTwitterVC.m in Sources */ = {isa = PBXBuildFile; fileRef = 037F882416D3A8ED00FE36C8 /* STTwitterVC.m */; };
		037F882816D3A8ED00FE36C8 /* STTwitterVC.xib in Resources */ = {isa = PBXBuildFile; fileRef = 037F882616D3A8ED00FE36C8 /* STTwitterVC.xib */; };
		037F884216D3A8FB00FE36C8 /* STHTTPRequest.m in Sources */ = {isa = PBXBuildFile; fileRef = 037F883C16D3A8FB00FE36C8 /* STHTTPRequest.m */; };
		03C4E13417BA3F8F0007C362 /* Twitter.framework in Frameworks */ = {isa = PBXBuildFile; fileRef = 03C4E13317BA3F8F0007C362 /* Twitter.framework */; };
		03D3C29E17B8E74400442FD5 /* STTwitterOS.m in Sources */ = {isa = PBXBuildFile; fileRef = 03D3C29D17B8E74400442FD5 /* STTwitterOS.m */; };
		03F7CE4A17B6E1C900A3534B /* Accounts.framework in Frameworks */ = {isa = PBXBuildFile; fileRef = 03F7CE4917B6E1C900A3534B /* Accounts.framework */; };
		03F7CE4C17B6E1CE00A3534B /* Social.framework in Frameworks */ = {isa = PBXBuildFile; fileRef = 03F7CE4B17B6E1CE00A3534B /* Social.framework */; settings = {ATTRIBUTES = (Weak, ); }; };
		03F7CE4E17B6E3A200A3534B /* README.md in Resources */ = {isa = PBXBuildFile; fileRef = 03F7CE4D17B6E3A200A3534B /* README.md */; };
/* End PBXBuildFile section */

/* Begin PBXFileReference section */
		031D340B17B5312500C817F5 /* STTwitter.h */ = {isa = PBXFileReference; fileEncoding = 4; lastKnownFileType = sourcecode.c.h; path = STTwitter.h; sourceTree = "<group>"; };
		031D340C17B5312500C817F5 /* STTwitterAPI.h */ = {isa = PBXFileReference; fileEncoding = 4; lastKnownFileType = sourcecode.c.h; path = STTwitterAPI.h; sourceTree = "<group>"; };
		031D340D17B5312500C817F5 /* STTwitterAPI.m */ = {isa = PBXFileReference; fileEncoding = 4; lastKnownFileType = sourcecode.c.objc; path = STTwitterAPI.m; sourceTree = "<group>"; };
		031D340E17B5312500C817F5 /* STTwitterProtocol.h */ = {isa = PBXFileReference; fileEncoding = 4; lastKnownFileType = sourcecode.c.h; path = STTwitterProtocol.h; sourceTree = "<group>"; };
		031D340F17B5312500C817F5 /* STTwitterOAuth.h */ = {isa = PBXFileReference; fileEncoding = 4; lastKnownFileType = sourcecode.c.h; path = STTwitterOAuth.h; sourceTree = "<group>"; };
		031D341017B5312500C817F5 /* STTwitterOAuth.m */ = {isa = PBXFileReference; fileEncoding = 4; lastKnownFileType = sourcecode.c.objc; path = STTwitterOAuth.m; sourceTree = "<group>"; };
		031D341317B5312500C817F5 /* STTwitterAppOnly.h */ = {isa = PBXFileReference; fileEncoding = 4; lastKnownFileType = sourcecode.c.h; path = STTwitterAppOnly.h; sourceTree = "<group>"; };
		031D341417B5312500C817F5 /* STTwitterAppOnly.m */ = {isa = PBXFileReference; fileEncoding = 4; lastKnownFileType = sourcecode.c.objc; path = STTwitterAppOnly.m; sourceTree = "<group>"; };
		031D341517B5312500C817F5 /* STTwitterHTML.h */ = {isa = PBXFileReference; fileEncoding = 4; lastKnownFileType = sourcecode.c.h; path = STTwitterHTML.h; sourceTree = "<group>"; };
		031D341617B5312500C817F5 /* STTwitterHTML.m */ = {isa = PBXFileReference; fileEncoding = 4; lastKnownFileType = sourcecode.c.objc; path = STTwitterHTML.m; sourceTree = "<group>"; };
		031D341717B5312500C817F5 /* NSString+STTwitter.h */ = {isa = PBXFileReference; fileEncoding = 4; lastKnownFileType = sourcecode.c.h; path = "NSString+STTwitter.h"; sourceTree = "<group>"; };
		031D341817B5312500C817F5 /* NSString+STTwitter.m */ = {isa = PBXFileReference; fileEncoding = 4; lastKnownFileType = sourcecode.c.objc; path = "NSString+STTwitter.m"; sourceTree = "<group>"; };
		031D341917B5312500C817F5 /* STHTTPRequest+STTwitter.h */ = {isa = PBXFileReference; fileEncoding = 4; lastKnownFileType = sourcecode.c.h; path = "STHTTPRequest+STTwitter.h"; sourceTree = "<group>"; };
		031D341A17B5312500C817F5 /* STHTTPRequest+STTwitter.m */ = {isa = PBXFileReference; fileEncoding = 4; lastKnownFileType = sourcecode.c.objc; path = "STHTTPRequest+STTwitter.m"; sourceTree = "<group>"; };
		037F880816D3A8ED00FE36C8 /* STTwitter_iOS.app */ = {isa = PBXFileReference; explicitFileType = wrapper.application; includeInIndex = 0; path = STTwitter_iOS.app; sourceTree = BUILT_PRODUCTS_DIR; };
		037F880B16D3A8ED00FE36C8 /* UIKit.framework */ = {isa = PBXFileReference; lastKnownFileType = wrapper.framework; name = UIKit.framework; path = System/Library/Frameworks/UIKit.framework; sourceTree = SDKROOT; };
		037F880D16D3A8ED00FE36C8 /* Foundation.framework */ = {isa = PBXFileReference; lastKnownFileType = wrapper.framework; name = Foundation.framework; path = System/Library/Frameworks/Foundation.framework; sourceTree = SDKROOT; };
		037F880F16D3A8ED00FE36C8 /* CoreGraphics.framework */ = {isa = PBXFileReference; lastKnownFileType = wrapper.framework; name = CoreGraphics.framework; path = System/Library/Frameworks/CoreGraphics.framework; sourceTree = SDKROOT; };
		037F881316D3A8ED00FE36C8 /* STTwitter_iOS-Info.plist */ = {isa = PBXFileReference; lastKnownFileType = text.plist.xml; path = "STTwitter_iOS-Info.plist"; sourceTree = "<group>"; };
		037F881516D3A8ED00FE36C8 /* en */ = {isa = PBXFileReference; lastKnownFileType = text.plist.strings; name = en; path = en.lproj/InfoPlist.strings; sourceTree = "<group>"; };
		037F881716D3A8ED00FE36C8 /* main.m */ = {isa = PBXFileReference; lastKnownFileType = sourcecode.c.objc; path = main.m; sourceTree = "<group>"; };
		037F881916D3A8ED00FE36C8 /* STTwitter_iOS-Prefix.pch */ = {isa = PBXFileReference; lastKnownFileType = sourcecode.c.h; path = "STTwitter_iOS-Prefix.pch"; sourceTree = "<group>"; };
		037F881A16D3A8ED00FE36C8 /* AppDelegate.h */ = {isa = PBXFileReference; lastKnownFileType = sourcecode.c.h; path = AppDelegate.h; sourceTree = "<group>"; };
		037F881B16D3A8ED00FE36C8 /* AppDelegate.m */ = {isa = PBXFileReference; lastKnownFileType = sourcecode.c.objc; path = AppDelegate.m; sourceTree = "<group>"; };
		037F881D16D3A8ED00FE36C8 /* Default.png */ = {isa = PBXFileReference; lastKnownFileType = image.png; path = Default.png; sourceTree = "<group>"; };
		037F881F16D3A8ED00FE36C8 /* Default@2x.png */ = {isa = PBXFileReference; lastKnownFileType = image.png; path = "Default@2x.png"; sourceTree = "<group>"; };
		037F882116D3A8ED00FE36C8 /* Default-568h@2x.png */ = {isa = PBXFileReference; lastKnownFileType = image.png; path = "Default-568h@2x.png"; sourceTree = "<group>"; };
		037F882316D3A8ED00FE36C8 /* STTwitterVC.h */ = {isa = PBXFileReference; lastKnownFileType = sourcecode.c.h; path = STTwitterVC.h; sourceTree = "<group>"; };
		037F882416D3A8ED00FE36C8 /* STTwitterVC.m */ = {isa = PBXFileReference; lastKnownFileType = sourcecode.c.objc; path = STTwitterVC.m; sourceTree = "<group>"; };
		037F882716D3A8ED00FE36C8 /* en */ = {isa = PBXFileReference; lastKnownFileType = file.xib; name = en; path = en.lproj/STTwitterVC.xib; sourceTree = "<group>"; };
		037F883B16D3A8FB00FE36C8 /* STHTTPRequest.h */ = {isa = PBXFileReference; fileEncoding = 4; lastKnownFileType = sourcecode.c.h; path = STHTTPRequest.h; sourceTree = "<group>"; };
		037F883C16D3A8FB00FE36C8 /* STHTTPRequest.m */ = {isa = PBXFileReference; fileEncoding = 4; lastKnownFileType = sourcecode.c.objc; path = STHTTPRequest.m; sourceTree = "<group>"; };
		03C4E13317BA3F8F0007C362 /* Twitter.framework */ = {isa = PBXFileReference; lastKnownFileType = wrapper.framework; name = Twitter.framework; path = System/Library/Frameworks/Twitter.framework; sourceTree = SDKROOT; };
		03D3C29C17B8E74400442FD5 /* STTwitterOS.h */ = {isa = PBXFileReference; fileEncoding = 4; lastKnownFileType = sourcecode.c.h; path = STTwitterOS.h; sourceTree = "<group>"; };
		03D3C29D17B8E74400442FD5 /* STTwitterOS.m */ = {isa = PBXFileReference; fileEncoding = 4; lastKnownFileType = sourcecode.c.objc; path = STTwitterOS.m; sourceTree = "<group>"; };
		03F7CE3E17B6D99F00A3534B /* Social.framework */ = {isa = PBXFileReference; lastKnownFileType = wrapper.framework; name = Social.framework; path = System/Library/Frameworks/Social.framework; sourceTree = SDKROOT; };
		03F7CE4917B6E1C900A3534B /* Accounts.framework */ = {isa = PBXFileReference; lastKnownFileType = wrapper.framework; name = Accounts.framework; path = System/Library/Frameworks/Accounts.framework; sourceTree = SDKROOT; };
		03F7CE4B17B6E1CE00A3534B /* Social.framework */ = {isa = PBXFileReference; lastKnownFileType = wrapper.framework; name = Social.framework; path = System/Library/Frameworks/Social.framework; sourceTree = SDKROOT; };
		03F7CE4D17B6E3A200A3534B /* README.md */ = {isa = PBXFileReference; fileEncoding = 4; lastKnownFileType = text; name = README.md; path = ../../README.md; sourceTree = "<group>"; };
/* End PBXFileReference section */

/* Begin PBXFrameworksBuildPhase section */
		037F880516D3A8ED00FE36C8 /* Frameworks */ = {
			isa = PBXFrameworksBuildPhase;
			buildActionMask = 2147483647;
			files = (
				03C4E13417BA3F8F0007C362 /* Twitter.framework in Frameworks */,
				03F7CE4C17B6E1CE00A3534B /* Social.framework in Frameworks */,
				03F7CE4A17B6E1C900A3534B /* Accounts.framework in Frameworks */,
				037F880C16D3A8ED00FE36C8 /* UIKit.framework in Frameworks */,
				037F880E16D3A8ED00FE36C8 /* Foundation.framework in Frameworks */,
				037F881016D3A8ED00FE36C8 /* CoreGraphics.framework in Frameworks */,
			);
			runOnlyForDeploymentPostprocessing = 0;
		};
/* End PBXFrameworksBuildPhase section */

/* Begin PBXGroup section */
		037F87FF16D3A8ED00FE36C8 = {
			isa = PBXGroup;
			children = (
				03F7CE4D17B6E3A200A3534B /* README.md */,
				037F882E16D3A8FB00FE36C8 /* STTwitter */,
				037F881116D3A8ED00FE36C8 /* STTwitter_iOS */,
				037F880A16D3A8ED00FE36C8 /* Frameworks */,
				037F880916D3A8ED00FE36C8 /* Products */,
			);
			sourceTree = "<group>";
		};
		037F880916D3A8ED00FE36C8 /* Products */ = {
			isa = PBXGroup;
			children = (
				037F880816D3A8ED00FE36C8 /* STTwitter_iOS.app */,
			);
			name = Products;
			sourceTree = "<group>";
		};
		037F880A16D3A8ED00FE36C8 /* Frameworks */ = {
			isa = PBXGroup;
			children = (
				03C4E13317BA3F8F0007C362 /* Twitter.framework */,
				03F7CE4B17B6E1CE00A3534B /* Social.framework */,
				03F7CE4917B6E1C900A3534B /* Accounts.framework */,
				03F7CE3E17B6D99F00A3534B /* Social.framework */,
				037F880B16D3A8ED00FE36C8 /* UIKit.framework */,
				037F880D16D3A8ED00FE36C8 /* Foundation.framework */,
				037F880F16D3A8ED00FE36C8 /* CoreGraphics.framework */,
			);
			name = Frameworks;
			sourceTree = "<group>";
		};
		037F881116D3A8ED00FE36C8 /* STTwitter_iOS */ = {
			isa = PBXGroup;
			children = (
				037F881A16D3A8ED00FE36C8 /* AppDelegate.h */,
				037F881B16D3A8ED00FE36C8 /* AppDelegate.m */,
				037F882316D3A8ED00FE36C8 /* STTwitterVC.h */,
				037F882416D3A8ED00FE36C8 /* STTwitterVC.m */,
				037F882616D3A8ED00FE36C8 /* STTwitterVC.xib */,
				037F881216D3A8ED00FE36C8 /* Supporting Files */,
			);
			path = STTwitter_iOS;
			sourceTree = "<group>";
		};
		037F881216D3A8ED00FE36C8 /* Supporting Files */ = {
			isa = PBXGroup;
			children = (
				037F881316D3A8ED00FE36C8 /* STTwitter_iOS-Info.plist */,
				037F881416D3A8ED00FE36C8 /* InfoPlist.strings */,
				037F881716D3A8ED00FE36C8 /* main.m */,
				037F881916D3A8ED00FE36C8 /* STTwitter_iOS-Prefix.pch */,
				037F881D16D3A8ED00FE36C8 /* Default.png */,
				037F881F16D3A8ED00FE36C8 /* Default@2x.png */,
				037F882116D3A8ED00FE36C8 /* Default-568h@2x.png */,
			);
			name = "Supporting Files";
			sourceTree = "<group>";
		};
		037F882E16D3A8FB00FE36C8 /* STTwitter */ = {
			isa = PBXGroup;
			children = (
				031D340B17B5312500C817F5 /* STTwitter.h */,
				031D340C17B5312500C817F5 /* STTwitterAPI.h */,
				031D340D17B5312500C817F5 /* STTwitterAPI.m */,
				031D340E17B5312500C817F5 /* STTwitterProtocol.h */,
				031D340F17B5312500C817F5 /* STTwitterOAuth.h */,
				031D341017B5312500C817F5 /* STTwitterOAuth.m */,
				03D3C29C17B8E74400442FD5 /* STTwitterOS.h */,
				03D3C29D17B8E74400442FD5 /* STTwitterOS.m */,
				031D341317B5312500C817F5 /* STTwitterAppOnly.h */,
				031D341417B5312500C817F5 /* STTwitterAppOnly.m */,
				031D341517B5312500C817F5 /* STTwitterHTML.h */,
				031D341617B5312500C817F5 /* STTwitterHTML.m */,
				031D341717B5312500C817F5 /* NSString+STTwitter.h */,
				031D341817B5312500C817F5 /* NSString+STTwitter.m */,
				031D341917B5312500C817F5 /* STHTTPRequest+STTwitter.h */,
				031D341A17B5312500C817F5 /* STHTTPRequest+STTwitter.m */,
				037F883A16D3A8FB00FE36C8 /* Vendor */,
			);
			name = STTwitter;
			path = ../../STTwitter;
			sourceTree = "<group>";
		};
		037F883A16D3A8FB00FE36C8 /* Vendor */ = {
			isa = PBXGroup;
			children = (
				037F883B16D3A8FB00FE36C8 /* STHTTPRequest.h */,
				037F883C16D3A8FB00FE36C8 /* STHTTPRequest.m */,
			);
			path = Vendor;
			sourceTree = "<group>";
		};
/* End PBXGroup section */

/* Begin PBXNativeTarget section */
		037F880716D3A8ED00FE36C8 /* STTwitter_iOS */ = {
			isa = PBXNativeTarget;
			buildConfigurationList = 037F882B16D3A8ED00FE36C8 /* Build configuration list for PBXNativeTarget "STTwitter_iOS" */;
			buildPhases = (
				037F880416D3A8ED00FE36C8 /* Sources */,
				037F880516D3A8ED00FE36C8 /* Frameworks */,
				037F880616D3A8ED00FE36C8 /* Resources */,
			);
			buildRules = (
			);
			dependencies = (
			);
			name = STTwitter_iOS;
			productName = STTwitter_iOS;
			productReference = 037F880816D3A8ED00FE36C8 /* STTwitter_iOS.app */;
			productType = "com.apple.product-type.application";
		};
/* End PBXNativeTarget section */

/* Begin PBXProject section */
		037F880016D3A8ED00FE36C8 /* Project object */ = {
			isa = PBXProject;
			attributes = {
				LastUpgradeCheck = 0460;
				ORGANIZATIONNAME = "Nicolas Seriot";
			};
			buildConfigurationList = 037F880316D3A8ED00FE36C8 /* Build configuration list for PBXProject "STTwitter_iOS" */;
			compatibilityVersion = "Xcode 3.2";
			developmentRegion = English;
			hasScannedForEncodings = 0;
			knownRegions = (
				en,
			);
			mainGroup = 037F87FF16D3A8ED00FE36C8;
			productRefGroup = 037F880916D3A8ED00FE36C8 /* Products */;
			projectDirPath = "";
			projectRoot = "";
			targets = (
				037F880716D3A8ED00FE36C8 /* STTwitter_iOS */,
			);
		};
/* End PBXProject section */

/* Begin PBXResourcesBuildPhase section */
		037F880616D3A8ED00FE36C8 /* Resources */ = {
			isa = PBXResourcesBuildPhase;
			buildActionMask = 2147483647;
			files = (
				03F7CE4E17B6E3A200A3534B /* README.md in Resources */,
				037F881616D3A8ED00FE36C8 /* InfoPlist.strings in Resources */,
				037F881E16D3A8ED00FE36C8 /* Default.png in Resources */,
				037F882016D3A8ED00FE36C8 /* Default@2x.png in Resources */,
				037F882216D3A8ED00FE36C8 /* Default-568h@2x.png in Resources */,
				037F882816D3A8ED00FE36C8 /* STTwitterVC.xib in Resources */,
			);
			runOnlyForDeploymentPostprocessing = 0;
		};
/* End PBXResourcesBuildPhase section */

/* Begin PBXSourcesBuildPhase section */
		037F880416D3A8ED00FE36C8 /* Sources */ = {
			isa = PBXSourcesBuildPhase;
			buildActionMask = 2147483647;
			files = (
				03D3C29E17B8E74400442FD5 /* STTwitterOS.m in Sources */,
				031D342117B5312500C817F5 /* STHTTPRequest+STTwitter.m in Sources */,
				031D341C17B5312500C817F5 /* STTwitterOAuth.m in Sources */,
				037F881816D3A8ED00FE36C8 /* main.m in Sources */,
				031D341E17B5312500C817F5 /* STTwitterAppOnly.m in Sources */,
				037F881C16D3A8ED00FE36C8 /* AppDelegate.m in Sources */,
				037F882516D3A8ED00FE36C8 /* STTwitterVC.m in Sources */,
				031D342017B5312500C817F5 /* NSString+STTwitter.m in Sources */,
				031D341F17B5312500C817F5 /* STTwitterHTML.m in Sources */,
				031D341B17B5312500C817F5 /* STTwitterAPI.m in Sources */,
				037F884216D3A8FB00FE36C8 /* STHTTPRequest.m in Sources */,
			);
			runOnlyForDeploymentPostprocessing = 0;
		};
/* End PBXSourcesBuildPhase section */

/* Begin PBXVariantGroup section */
		037F881416D3A8ED00FE36C8 /* InfoPlist.strings */ = {
			isa = PBXVariantGroup;
			children = (
				037F881516D3A8ED00FE36C8 /* en */,
			);
			name = InfoPlist.strings;
			sourceTree = "<group>";
		};
		037F882616D3A8ED00FE36C8 /* STTwitterVC.xib */ = {
			isa = PBXVariantGroup;
			children = (
				037F882716D3A8ED00FE36C8 /* en */,
			);
			name = STTwitterVC.xib;
			sourceTree = "<group>";
		};
/* End PBXVariantGroup section */

/* Begin XCBuildConfiguration section */
		037F882916D3A8ED00FE36C8 /* Debug */ = {
			isa = XCBuildConfiguration;
			buildSettings = {
				ALWAYS_SEARCH_USER_PATHS = NO;
				CLANG_CXX_LANGUAGE_STANDARD = "gnu++0x";
				CLANG_CXX_LIBRARY = "libc++";
				CLANG_WARN_CONSTANT_CONVERSION = YES;
				CLANG_WARN_EMPTY_BODY = YES;
				CLANG_WARN_ENUM_CONVERSION = YES;
				CLANG_WARN_INT_CONVERSION = YES;
				CLANG_WARN__DUPLICATE_METHOD_MATCH = YES;
				"CODE_SIGN_IDENTITY[sdk=iphoneos*]" = "iPhone Developer";
				COPY_PHASE_STRIP = NO;
				GCC_C_LANGUAGE_STANDARD = gnu99;
				GCC_DYNAMIC_NO_PIC = NO;
				GCC_OPTIMIZATION_LEVEL = 0;
				GCC_SYMBOLS_PRIVATE_EXTERN = NO;
				GCC_WARN_ABOUT_RETURN_TYPE = YES;
				GCC_WARN_UNINITIALIZED_AUTOS = YES;
				GCC_WARN_UNUSED_VARIABLE = YES;
				IPHONEOS_DEPLOYMENT_TARGET = 6.1;
				ONLY_ACTIVE_ARCH = YES;
				SDKROOT = iphoneos;
			};
			name = Debug;
		};
		037F882A16D3A8ED00FE36C8 /* Release */ = {
			isa = XCBuildConfiguration;
			buildSettings = {
				ALWAYS_SEARCH_USER_PATHS = NO;
				CLANG_CXX_LANGUAGE_STANDARD = "gnu++0x";
				CLANG_CXX_LIBRARY = "libc++";
				CLANG_WARN_CONSTANT_CONVERSION = YES;
				CLANG_WARN_EMPTY_BODY = YES;
				CLANG_WARN_ENUM_CONVERSION = YES;
				CLANG_WARN_INT_CONVERSION = YES;
				CLANG_WARN__DUPLICATE_METHOD_MATCH = YES;
				"CODE_SIGN_IDENTITY[sdk=iphoneos*]" = "iPhone Developer";
				COPY_PHASE_STRIP = YES;
				GCC_C_LANGUAGE_STANDARD = gnu99;
				GCC_WARN_ABOUT_RETURN_TYPE = YES;
				GCC_WARN_UNINITIALIZED_AUTOS = YES;
				GCC_WARN_UNUSED_VARIABLE = YES;
				IPHONEOS_DEPLOYMENT_TARGET = 6.1;
				OTHER_CFLAGS = "-DNS_BLOCK_ASSERTIONS=1";
				SDKROOT = iphoneos;
				VALIDATE_PRODUCT = YES;
			};
			name = Release;
		};
		037F882C16D3A8ED00FE36C8 /* Debug */ = {
			isa = XCBuildConfiguration;
			buildSettings = {
				CODE_SIGN_IDENTITY = "iPhone Developer: Nicolas Seriot (9V2U949PMC)";
				GCC_PRECOMPILE_PREFIX_HEADER = YES;
				GCC_PREFIX_HEADER = "STTwitter_iOS/STTwitter_iOS-Prefix.pch";
				INFOPLIST_FILE = "STTwitter_iOS/STTwitter_iOS-Info.plist";
				IPHONEOS_DEPLOYMENT_TARGET = 5.0;
				PRODUCT_NAME = "$(TARGET_NAME)";
				PROVISIONING_PROFILE = "DCADE238-CDED-41FA-A11A-867E6A4C7CBF";
				WRAPPER_EXTENSION = app;
			};
			name = Debug;
		};
		037F882D16D3A8ED00FE36C8 /* Release */ = {
			isa = XCBuildConfiguration;
			buildSettings = {
				CODE_SIGN_IDENTITY = "iPhone Developer: Nicolas Seriot (9V2U949PMC)";
				GCC_PRECOMPILE_PREFIX_HEADER = YES;
				GCC_PREFIX_HEADER = "STTwitter_iOS/STTwitter_iOS-Prefix.pch";
				INFOPLIST_FILE = "STTwitter_iOS/STTwitter_iOS-Info.plist";
				IPHONEOS_DEPLOYMENT_TARGET = 5.0;
				PRODUCT_NAME = "$(TARGET_NAME)";
				PROVISIONING_PROFILE = "DCADE238-CDED-41FA-A11A-867E6A4C7CBF";
				WRAPPER_EXTENSION = app;
			};
			name = Release;
		};
/* End XCBuildConfiguration section */

/* Begin XCConfigurationList section */
		037F880316D3A8ED00FE36C8 /* Build configuration list for PBXProject "STTwitter_iOS" */ = {
			isa = XCConfigurationList;
			buildConfigurations = (
				037F882916D3A8ED00FE36C8 /* Debug */,
				037F882A16D3A8ED00FE36C8 /* Release */,
			);
			defaultConfigurationIsVisible = 0;
			defaultConfigurationName = Release;
		};
		037F882B16D3A8ED00FE36C8 /* Build configuration list for PBXNativeTarget "STTwitter_iOS" */ = {
			isa = XCConfigurationList;
			buildConfigurations = (
				037F882C16D3A8ED00FE36C8 /* Debug */,
				037F882D16D3A8ED00FE36C8 /* Release */,
			);
			defaultConfigurationIsVisible = 0;
			defaultConfigurationName = Release;
		};
/* End XCConfigurationList section */
	};
	rootObject = 037F880016D3A8ED00FE36C8 /* Project object */;
}
