// !$*UTF8*$!
{
	archiveVersion = 1;
	classes = {
	};
	objectVersion = 46;
	objects = {

/* Begin PBXBuildFile section */
		032FC60817E84C12001E23CD /* Cocoa.framework in Frameworks */ = {isa = PBXBuildFile; fileRef = 032FC60717E84C12001E23CD /* Cocoa.framework */; };
		032FC61217E84C12001E23CD /* InfoPlist.strings in Resources */ = {isa = PBXBuildFile; fileRef = 032FC61017E84C12001E23CD /* InfoPlist.strings */; };
		032FC61417E84C12001E23CD /* main.m in Sources */ = {isa = PBXBuildFile; fileRef = 032FC61317E84C12001E23CD /* main.m */; };
		032FC61817E84C12001E23CD /* Credits.rtf in Resources */ = {isa = PBXBuildFile; fileRef = 032FC61617E84C12001E23CD /* Credits.rtf */; };
		032FC61B17E84C12001E23CD /* AppDelegate.m in Sources */ = {isa = PBXBuildFile; fileRef = 032FC61A17E84C12001E23CD /* AppDelegate.m */; };
		032FC61E17E84C12001E23CD /* MainMenu.xib in Resources */ = {isa = PBXBuildFile; fileRef = 032FC61C17E84C12001E23CD /* MainMenu.xib */; };
		032FC62017E84C12001E23CD /* Images.xcassets in Resources */ = {isa = PBXBuildFile; fileRef = 032FC61F17E84C12001E23CD /* Images.xcassets */; };
/* End PBXBuildFile section */

/* Begin PBXFileReference section */
		032FC60417E84C12001E23CD /* STTwitterConsole.app */ = {isa = PBXFileReference; explicitFileType = wrapper.application; includeInIndex = 0; path = STTwitterConsole.app; sourceTree = BUILT_PRODUCTS_DIR; };
		032FC60717E84C12001E23CD /* Cocoa.framework */ = {isa = PBXFileReference; lastKnownFileType = wrapper.framework; name = Cocoa.framework; path = System/Library/Frameworks/Cocoa.framework; sourceTree = SDKROOT; };
		032FC60A17E84C12001E23CD /* AppKit.framework */ = {isa = PBXFileReference; lastKnownFileType = wrapper.framework; name = AppKit.framework; path = System/Library/Frameworks/AppKit.framework; sourceTree = SDKROOT; };
		032FC60B17E84C12001E23CD /* CoreData.framework */ = {isa = PBXFileReference; lastKnownFileType = wrapper.framework; name = CoreData.framework; path = System/Library/Frameworks/CoreData.framework; sourceTree = SDKROOT; };
		032FC60C17E84C12001E23CD /* Foundation.framework */ = {isa = PBXFileReference; lastKnownFileType = wrapper.framework; name = Foundation.framework; path = System/Library/Frameworks/Foundation.framework; sourceTree = SDKROOT; };
		032FC60F17E84C12001E23CD /* STTwitterConsole-Info.plist */ = {isa = PBXFileReference; lastKnownFileType = text.plist.xml; path = "STTwitterConsole-Info.plist"; sourceTree = "<group>"; };
		032FC61117E84C12001E23CD /* en */ = {isa = PBXFileReference; lastKnownFileType = text.plist.strings; name = en; path = en.lproj/InfoPlist.strings; sourceTree = "<group>"; };
		032FC61317E84C12001E23CD /* main.m */ = {isa = PBXFileReference; lastKnownFileType = sourcecode.c.objc; path = main.m; sourceTree = "<group>"; };
		032FC61517E84C12001E23CD /* STTwitterConsole-Prefix.pch */ = {isa = PBXFileReference; lastKnownFileType = sourcecode.c.h; path = "STTwitterConsole-Prefix.pch"; sourceTree = "<group>"; };
		032FC61717E84C12001E23CD /* en */ = {isa = PBXFileReference; lastKnownFileType = text.rtf; name = en; path = en.lproj/Credits.rtf; sourceTree = "<group>"; };
		032FC61917E84C12001E23CD /* AppDelegate.h */ = {isa = PBXFileReference; lastKnownFileType = sourcecode.c.h; path = AppDelegate.h; sourceTree = "<group>"; };
		032FC61A17E84C12001E23CD /* AppDelegate.m */ = {isa = PBXFileReference; lastKnownFileType = sourcecode.c.objc; path = AppDelegate.m; sourceTree = "<group>"; };
		032FC61D17E84C12001E23CD /* Base */ = {isa = PBXFileReference; lastKnownFileType = file.xib; name = Base; path = Base.lproj/MainMenu.xib; sourceTree = "<group>"; };
		032FC61F17E84C12001E23CD /* Images.xcassets */ = {isa = PBXFileReference; lastKnownFileType = folder.assetcatalog; path = Images.xcassets; sourceTree = "<group>"; };
		032FC62617E84C12001E23CD /* XCTest.framework */ = {isa = PBXFileReference; lastKnownFileType = wrapper.framework; name = XCTest.framework; path = Library/Frameworks/XCTest.framework; sourceTree = DEVELOPER_DIR; };
/* End PBXFileReference section */

/* Begin PBXFrameworksBuildPhase section */
		032FC60117E84C12001E23CD /* Frameworks */ = {
			isa = PBXFrameworksBuildPhase;
			buildActionMask = 2147483647;
			files = (
				032FC60817E84C12001E23CD /* Cocoa.framework in Frameworks */,
			);
			runOnlyForDeploymentPostprocessing = 0;
		};
/* End PBXFrameworksBuildPhase section */

/* Begin PBXGroup section */
		032FC5FB17E84C12001E23CD = {
			isa = PBXGroup;
			children = (
				032FC60D17E84C12001E23CD /* STTwitterConsole */,
				032FC60617E84C12001E23CD /* Frameworks */,
				032FC60517E84C12001E23CD /* Products */,
			);
			sourceTree = "<group>";
		};
		032FC60517E84C12001E23CD /* Products */ = {
			isa = PBXGroup;
			children = (
				032FC60417E84C12001E23CD /* STTwitterConsole.app */,
			);
			name = Products;
			sourceTree = "<group>";
		};
		032FC60617E84C12001E23CD /* Frameworks */ = {
			isa = PBXGroup;
			children = (
				032FC60717E84C12001E23CD /* Cocoa.framework */,
				032FC62617E84C12001E23CD /* XCTest.framework */,
				032FC60917E84C12001E23CD /* Other Frameworks */,
			);
			name = Frameworks;
			sourceTree = "<group>";
		};
		032FC60917E84C12001E23CD /* Other Frameworks */ = {
			isa = PBXGroup;
			children = (
				032FC60A17E84C12001E23CD /* AppKit.framework */,
				032FC60B17E84C12001E23CD /* CoreData.framework */,
				032FC60C17E84C12001E23CD /* Foundation.framework */,
			);
			name = "Other Frameworks";
			sourceTree = "<group>";
		};
		032FC60D17E84C12001E23CD /* STTwitterConsole */ = {
			isa = PBXGroup;
			children = (
				032FC61917E84C12001E23CD /* AppDelegate.h */,
				032FC61A17E84C12001E23CD /* AppDelegate.m */,
				032FC61C17E84C12001E23CD /* MainMenu.xib */,
				032FC61F17E84C12001E23CD /* Images.xcassets */,
				032FC60E17E84C12001E23CD /* Supporting Files */,
			);
			path = STTwitterConsole;
			sourceTree = "<group>";
		};
		032FC60E17E84C12001E23CD /* Supporting Files */ = {
			isa = PBXGroup;
			children = (
				032FC60F17E84C12001E23CD /* STTwitterConsole-Info.plist */,
				032FC61017E84C12001E23CD /* InfoPlist.strings */,
				032FC61317E84C12001E23CD /* main.m */,
				032FC61517E84C12001E23CD /* STTwitterConsole-Prefix.pch */,
				032FC61617E84C12001E23CD /* Credits.rtf */,
			);
			name = "Supporting Files";
			sourceTree = "<group>";
		};
/* End PBXGroup section */

/* Begin PBXNativeTarget section */
		032FC60317E84C12001E23CD /* STTwitterConsole */ = {
			isa = PBXNativeTarget;
			buildConfigurationList = 032FC63517E84C12001E23CD /* Build configuration list for PBXNativeTarget "STTwitterConsole" */;
			buildPhases = (
				032FC60017E84C12001E23CD /* Sources */,
				032FC60117E84C12001E23CD /* Frameworks */,
				032FC60217E84C12001E23CD /* Resources */,
			);
			buildRules = (
			);
			dependencies = (
			);
			name = STTwitterConsole;
			productName = STTwitterConsole;
			productReference = 032FC60417E84C12001E23CD /* STTwitterConsole.app */;
			productType = "com.apple.product-type.application";
		};
/* End PBXNativeTarget section */

/* Begin PBXProject section */
		032FC5FC17E84C12001E23CD /* Project object */ = {
			isa = PBXProject;
			attributes = {
				LastUpgradeCheck = 0500;
				ORGANIZATIONNAME = "Nicolas Seriot";
			};
			buildConfigurationList = 032FC5FF17E84C12001E23CD /* Build configuration list for PBXProject "STTwitterConsole" */;
			compatibilityVersion = "Xcode 3.2";
			developmentRegion = English;
			hasScannedForEncodings = 0;
			knownRegions = (
				en,
				Base,
			);
			mainGroup = 032FC5FB17E84C12001E23CD;
			productRefGroup = 032FC60517E84C12001E23CD /* Products */;
			projectDirPath = "";
			projectRoot = "";
			targets = (
				032FC60317E84C12001E23CD /* STTwitterConsole */,
			);
		};
/* End PBXProject section */

/* Begin PBXResourcesBuildPhase section */
		032FC60217E84C12001E23CD /* Resources */ = {
			isa = PBXResourcesBuildPhase;
			buildActionMask = 2147483647;
			files = (
				032FC61217E84C12001E23CD /* InfoPlist.strings in Resources */,
				032FC62017E84C12001E23CD /* Images.xcassets in Resources */,
				032FC61817E84C12001E23CD /* Credits.rtf in Resources */,
				032FC61E17E84C12001E23CD /* MainMenu.xib in Resources */,
			);
			runOnlyForDeploymentPostprocessing = 0;
		};
/* End PBXResourcesBuildPhase section */

/* Begin PBXSourcesBuildPhase section */
		032FC60017E84C12001E23CD /* Sources */ = {
			isa = PBXSourcesBuildPhase;
			buildActionMask = 2147483647;
			files = (
				032FC61B17E84C12001E23CD /* AppDelegate.m in Sources */,
				032FC61417E84C12001E23CD /* main.m in Sources */,
			);
			runOnlyForDeploymentPostprocessing = 0;
		};
/* End PBXSourcesBuildPhase section */

/* Begin PBXVariantGroup section */
		032FC61017E84C12001E23CD /* InfoPlist.strings */ = {
			isa = PBXVariantGroup;
			children = (
				032FC61117E84C12001E23CD /* en */,
			);
			name = InfoPlist.strings;
			sourceTree = "<group>";
		};
		032FC61617E84C12001E23CD /* Credits.rtf */ = {
			isa = PBXVariantGroup;
			children = (
				032FC61717E84C12001E23CD /* en */,
			);
			name = Credits.rtf;
			sourceTree = "<group>";
		};
		032FC61C17E84C12001E23CD /* MainMenu.xib */ = {
			isa = PBXVariantGroup;
			children = (
				032FC61D17E84C12001E23CD /* Base */,
			);
			name = MainMenu.xib;
			sourceTree = "<group>";
		};
/* End PBXVariantGroup section */

/* Begin XCBuildConfiguration section */
		032FC63317E84C12001E23CD /* Debug */ = {
			isa = XCBuildConfiguration;
			buildSettings = {
				ALWAYS_SEARCH_USER_PATHS = NO;
				CLANG_CXX_LANGUAGE_STANDARD = "gnu++0x";
				CLANG_CXX_LIBRARY = "libc++";
				CLANG_ENABLE_OBJC_ARC = YES;
				CLANG_WARN_BOOL_CONVERSION = YES;
				CLANG_WARN_CONSTANT_CONVERSION = YES;
				CLANG_WARN_DIRECT_OBJC_ISA_USAGE = YES_ERROR;
				CLANG_WARN_EMPTY_BODY = YES;
				CLANG_WARN_ENUM_CONVERSION = YES;
				CLANG_WARN_INT_CONVERSION = YES;
				CLANG_WARN_OBJC_ROOT_CLASS = YES_ERROR;
				CLANG_WARN__DUPLICATE_METHOD_MATCH = YES;
				COPY_PHASE_STRIP = NO;
				GCC_C_LANGUAGE_STANDARD = gnu99;
				GCC_DYNAMIC_NO_PIC = NO;
				GCC_ENABLE_OBJC_EXCEPTIONS = YES;
				GCC_OPTIMIZATION_LEVEL = 0;
				GCC_PREPROCESSOR_DEFINITIONS = (
					"DEBUG=1",
					"$(inherited)",
				);
				GCC_SYMBOLS_PRIVATE_EXTERN = NO;
				GCC_WARN_64_TO_32_BIT_CONVERSION = YES;
				GCC_WARN_ABOUT_RETURN_TYPE = YES_ERROR;
				GCC_WARN_UNDECLARED_SELECTOR = YES;
				GCC_WARN_UNINITIALIZED_AUTOS = YES;
				GCC_WARN_UNUSED_FUNCTION = YES;
				GCC_WARN_UNUSED_VARIABLE = YES;
				MACOSX_DEPLOYMENT_TARGET = 10.8;
				ONLY_ACTIVE_ARCH = YES;
				SDKROOT = macosx;
			};
			name = Debug;
		};
		032FC63417E84C12001E23CD /* Release */ = {
			isa = XCBuildConfiguration;
			buildSettings = {
				ALWAYS_SEARCH_USER_PATHS = NO;
				CLANG_CXX_LANGUAGE_STANDARD = "gnu++0x";
				CLANG_CXX_LIBRARY = "libc++";
				CLANG_ENABLE_OBJC_ARC = YES;
				CLANG_WARN_BOOL_CONVERSION = YES;
				CLANG_WARN_CONSTANT_CONVERSION = YES;
				CLANG_WARN_DIRECT_OBJC_ISA_USAGE = YES_ERROR;
				CLANG_WARN_EMPTY_BODY = YES;
				CLANG_WARN_ENUM_CONVERSION = YES;
				CLANG_WARN_INT_CONVERSION = YES;
				CLANG_WARN_OBJC_ROOT_CLASS = YES_ERROR;
				CLANG_WARN__DUPLICATE_METHOD_MATCH = YES;
				COPY_PHASE_STRIP = YES;
				DEBUG_INFORMATION_FORMAT = "dwarf-with-dsym";
				ENABLE_NS_ASSERTIONS = NO;
				GCC_C_LANGUAGE_STANDARD = gnu99;
				GCC_ENABLE_OBJC_EXCEPTIONS = YES;
				GCC_WARN_64_TO_32_BIT_CONVERSION = YES;
				GCC_WARN_ABOUT_RETURN_TYPE = YES_ERROR;
				GCC_WARN_UNDECLARED_SELECTOR = YES;
				GCC_WARN_UNINITIALIZED_AUTOS = YES;
				GCC_WARN_UNUSED_FUNCTION = YES;
				GCC_WARN_UNUSED_VARIABLE = YES;
				MACOSX_DEPLOYMENT_TARGET = 10.8;
				SDKROOT = macosx;
			};
			name = Release;
		};
		032FC63617E84C12001E23CD /* Debug */ = {
			isa = XCBuildConfiguration;
			buildSettings = {
				ASSETCATALOG_COMPILER_APPICON_NAME = AppIcon;
				COMBINE_HIDPI_IMAGES = YES;
				GCC_PRECOMPILE_PREFIX_HEADER = YES;
				GCC_PREFIX_HEADER = "STTwitterConsole/STTwitterConsole-Prefix.pch";
				INFOPLIST_FILE = "STTwitterConsole/STTwitterConsole-Info.plist";
				PRODUCT_NAME = "$(TARGET_NAME)";
				WRAPPER_EXTENSION = app;
			};
			name = Debug;
		};
		032FC63717E84C12001E23CD /* Release */ = {
			isa = XCBuildConfiguration;
			buildSettings = {
				ASSETCATALOG_COMPILER_APPICON_NAME = AppIcon;
				COMBINE_HIDPI_IMAGES = YES;
				GCC_PRECOMPILE_PREFIX_HEADER = YES;
				GCC_PREFIX_HEADER = "STTwitterConsole/STTwitterConsole-Prefix.pch";
				INFOPLIST_FILE = "STTwitterConsole/STTwitterConsole-Info.plist";
				PRODUCT_NAME = "$(TARGET_NAME)";
				WRAPPER_EXTENSION = app;
			};
			name = Release;
		};
/* End XCBuildConfiguration section */

/* Begin XCConfigurationList section */
		032FC5FF17E84C12001E23CD /* Build configuration list for PBXProject "STTwitterConsole" */ = {
			isa = XCConfigurationList;
			buildConfigurations = (
				032FC63317E84C12001E23CD /* Debug */,
				032FC63417E84C12001E23CD /* Release */,
			);
			defaultConfigurationIsVisible = 0;
			defaultConfigurationName = Release;
		};
		032FC63517E84C12001E23CD /* Build configuration list for PBXNativeTarget "STTwitterConsole" */ = {
			isa = XCConfigurationList;
			buildConfigurations = (
				032FC63617E84C12001E23CD /* Debug */,
				032FC63717E84C12001E23CD /* Release */,
			);
			defaultConfigurationIsVisible = 0;
			defaultConfigurationName = Release;
		};
/* End XCConfigurationList section */
	};
	rootObject = 032FC5FC17E84C12001E23CD /* Project object */;
}
