// !$*UTF8*$!
{
	archiveVersion = 1;
	classes = {
	};
	objectVersion = 46;
	objects = {

/* Begin PBXBuildFile section */
		0301818E1602C9DD006B91AB /* InfoPlist.strings in Resources */ = {isa = PBXBuildFile; fileRef = 030181891602C9DD006B91AB /* InfoPlist.strings */; };
		030181901602C9DD006B91AB /* STOAuthServiceTests.m in Sources */ = {isa = PBXBuildFile; fileRef = 0301818D1602C9DD006B91AB /* STOAuthServiceTests.m */; };
		030ECC591616B6A50057C236 /* STHTTPRequest+UnitTests.m in Sources */ = {isa = PBXBuildFile; fileRef = 030ECC541616B6A50057C236 /* STHTTPRequest+UnitTests.m */; };
		030ECC5A1616B6A50057C236 /* STHTTPRequestTestResponse.m in Sources */ = {isa = PBXBuildFile; fileRef = 030ECC561616B6A50057C236 /* STHTTPRequestTestResponse.m */; };
		030ECC5B1616B6A50057C236 /* STHTTPRequestTestResponseQueue.m in Sources */ = {isa = PBXBuildFile; fileRef = 030ECC581616B6A50057C236 /* STHTTPRequestTestResponseQueue.m */; };
		030ECC9D1616B7E30057C236 /* STTwitterAPIWrapper.m in Sources */ = {isa = PBXBuildFile; fileRef = 030ECC921616B7E30057C236 /* STTwitterAPIWrapper.m */; };
		030ECC9E1616B7E30057C236 /* STTwitterAPIWrapper.m in Sources */ = {isa = PBXBuildFile; fileRef = 030ECC921616B7E30057C236 /* STTwitterAPIWrapper.m */; };
		030ECC9F1616B7E30057C236 /* STTwitterHTML.m in Sources */ = {isa = PBXBuildFile; fileRef = 030ECC941616B7E30057C236 /* STTwitterHTML.m */; };
		030ECCA01616B7E30057C236 /* STTwitterHTML.m in Sources */ = {isa = PBXBuildFile; fileRef = 030ECC941616B7E30057C236 /* STTwitterHTML.m */; };
		030ECCA11616B7E30057C236 /* STTwitterOAuth.m in Sources */ = {isa = PBXBuildFile; fileRef = 030ECC961616B7E30057C236 /* STTwitterOAuth.m */; };
		030ECCA21616B7E30057C236 /* STTwitterOAuth.m in Sources */ = {isa = PBXBuildFile; fileRef = 030ECC961616B7E30057C236 /* STTwitterOAuth.m */; };
		030ECCA31616B7E30057C236 /* STTwitterOAuthOSX.m in Sources */ = {isa = PBXBuildFile; fileRef = 030ECC981616B7E30057C236 /* STTwitterOAuthOSX.m */; };
		030ECCA41616B7E30057C236 /* STTwitterOAuthOSX.m in Sources */ = {isa = PBXBuildFile; fileRef = 030ECC981616B7E30057C236 /* STTwitterOAuthOSX.m */; };
		030ECCA51616B7E30057C236 /* STHTTPRequest.m in Sources */ = {isa = PBXBuildFile; fileRef = 030ECC9C1616B7E30057C236 /* STHTTPRequest.m */; };
		030ECCA61616B7E30057C236 /* STHTTPRequest.m in Sources */ = {isa = PBXBuildFile; fileRef = 030ECC9C1616B7E30057C236 /* STHTTPRequest.m */; };
		030ECCB41616B98B0057C236 /* AppDelegate.m in Sources */ = {isa = PBXBuildFile; fileRef = 030ECCA91616B98B0057C236 /* AppDelegate.m */; };
		030ECCB51616B98B0057C236 /* Credits.rtf in Resources */ = {isa = PBXBuildFile; fileRef = 030ECCAA1616B98B0057C236 /* Credits.rtf */; };
		030ECCB61616B98B0057C236 /* InfoPlist.strings in Resources */ = {isa = PBXBuildFile; fileRef = 030ECCAC1616B98B0057C236 /* InfoPlist.strings */; };
		030ECCB71616B98B0057C236 /* MainMenu.xib in Resources */ = {isa = PBXBuildFile; fileRef = 030ECCAE1616B98B0057C236 /* MainMenu.xib */; };
		030ECCB81616B98B0057C236 /* main.m in Sources */ = {isa = PBXBuildFile; fileRef = 030ECCB01616B98B0057C236 /* main.m */; };
		030ECCBA1616B98B0057C236 /* TwitterClients.plist in Resources */ = {isa = PBXBuildFile; fileRef = 030ECCB31616B98B0057C236 /* TwitterClients.plist */; };
		0327C968160E7B0B003EF769 /* Social.framework in Frameworks */ = {isa = PBXBuildFile; fileRef = 0327C967160E7B0B003EF769 /* Social.framework */; };
		0327C96A160E7B16003EF769 /* Accounts.framework in Frameworks */ = {isa = PBXBuildFile; fileRef = 0327C969160E7B16003EF769 /* Accounts.framework */; };
		037F30EB1611EA9B003D874D /* Accounts.framework in Frameworks */ = {isa = PBXBuildFile; fileRef = 0327C969160E7B16003EF769 /* Accounts.framework */; };
		037F30ED1611EAA5003D874D /* Social.framework in Frameworks */ = {isa = PBXBuildFile; fileRef = 0327C967160E7B0B003EF769 /* Social.framework */; };
		037F30EE1611EAB1003D874D /* Security.framework in Frameworks */ = {isa = PBXBuildFile; fileRef = 03DD4F1D15F88ED300B7B69A /* Security.framework */; };
		03C7AA9C15F76C8A0092A5E6 /* Cocoa.framework in Frameworks */ = {isa = PBXBuildFile; fileRef = 03C7AA9B15F76C8A0092A5E6 /* Cocoa.framework */; };
		03C7AABA15F76C8B0092A5E6 /* SenTestingKit.framework in Frameworks */ = {isa = PBXBuildFile; fileRef = 03C7AAB915F76C8B0092A5E6 /* SenTestingKit.framework */; };
		03C7AABB15F76C8B0092A5E6 /* Cocoa.framework in Frameworks */ = {isa = PBXBuildFile; fileRef = 03C7AA9B15F76C8A0092A5E6 /* Cocoa.framework */; };
		03DD4F1B15F88ECE00B7B69A /* CoreFoundation.framework in Frameworks */ = {isa = PBXBuildFile; fileRef = 03DD4F1A15F88ECE00B7B69A /* CoreFoundation.framework */; };
		03DD4F1E15F88ED300B7B69A /* Security.framework in Frameworks */ = {isa = PBXBuildFile; fileRef = 03DD4F1D15F88ED300B7B69A /* Security.framework */; };
/* End PBXBuildFile section */

/* Begin PBXContainerItemProxy section */
		03C7AABC15F76C8B0092A5E6 /* PBXContainerItemProxy */ = {
			isa = PBXContainerItemProxy;
			containerPortal = 03C7AA8E15F76C8A0092A5E6 /* Project object */;
			proxyType = 1;
			remoteGlobalIDString = 03C7AA9615F76C8A0092A5E6;
			remoteInfo = STTwitter;
		};
/* End PBXContainerItemProxy section */

/* Begin PBXFileReference section */
		0301818A1602C9DD006B91AB /* en */ = {isa = PBXFileReference; lastKnownFileType = text.plist.strings; name = en; path = en.lproj/InfoPlist.strings; sourceTree = "<group>"; };
		0301818B1602C9DD006B91AB /* STTwitterTests-Info.plist */ = {isa = PBXFileReference; fileEncoding = 4; lastKnownFileType = text.plist.xml; path = "STTwitterTests-Info.plist"; sourceTree = "<group>"; };
		0301818C1602C9DD006B91AB /* STOAuthServiceTests.h */ = {isa = PBXFileReference; fileEncoding = 4; lastKnownFileType = sourcecode.c.h; path = STOAuthServiceTests.h; sourceTree = "<group>"; };
		0301818D1602C9DD006B91AB /* STOAuthServiceTests.m */ = {isa = PBXFileReference; fileEncoding = 4; lastKnownFileType = sourcecode.c.objc; path = STOAuthServiceTests.m; sourceTree = "<group>"; };
		030ECC531616B6A50057C236 /* STHTTPRequest+UnitTests.h */ = {isa = PBXFileReference; fileEncoding = 4; lastKnownFileType = sourcecode.c.h; name = "STHTTPRequest+UnitTests.h"; path = "UnitTests/STHTTPRequestUnitTestAdditions/STHTTPRequest+UnitTests.h"; sourceTree = SOURCE_ROOT; };
		030ECC541616B6A50057C236 /* STHTTPRequest+UnitTests.m */ = {isa = PBXFileReference; fileEncoding = 4; lastKnownFileType = sourcecode.c.objc; name = "STHTTPRequest+UnitTests.m"; path = "UnitTests/STHTTPRequestUnitTestAdditions/STHTTPRequest+UnitTests.m"; sourceTree = SOURCE_ROOT; };
		030ECC551616B6A50057C236 /* STHTTPRequestTestResponse.h */ = {isa = PBXFileReference; fileEncoding = 4; lastKnownFileType = sourcecode.c.h; name = STHTTPRequestTestResponse.h; path = UnitTests/STHTTPRequestUnitTestAdditions/STHTTPRequestTestResponse.h; sourceTree = SOURCE_ROOT; };
		030ECC561616B6A50057C236 /* STHTTPRequestTestResponse.m */ = {isa = PBXFileReference; fileEncoding = 4; lastKnownFileType = sourcecode.c.objc; name = STHTTPRequestTestResponse.m; path = UnitTests/STHTTPRequestUnitTestAdditions/STHTTPRequestTestResponse.m; sourceTree = SOURCE_ROOT; };
		030ECC571616B6A50057C236 /* STHTTPRequestTestResponseQueue.h */ = {isa = PBXFileReference; fileEncoding = 4; lastKnownFileType = sourcecode.c.h; name = STHTTPRequestTestResponseQueue.h; path = UnitTests/STHTTPRequestUnitTestAdditions/STHTTPRequestTestResponseQueue.h; sourceTree = SOURCE_ROOT; };
		030ECC581616B6A50057C236 /* STHTTPRequestTestResponseQueue.m */ = {isa = PBXFileReference; fileEncoding = 4; lastKnownFileType = sourcecode.c.objc; name = STHTTPRequestTestResponseQueue.m; path = UnitTests/STHTTPRequestUnitTestAdditions/STHTTPRequestTestResponseQueue.m; sourceTree = SOURCE_ROOT; };
		030ECC911616B7E30057C236 /* STTwitterAPIWrapper.h */ = {isa = PBXFileReference; fileEncoding = 4; lastKnownFileType = sourcecode.c.h; path = STTwitterAPIWrapper.h; sourceTree = "<group>"; };
		030ECC921616B7E30057C236 /* STTwitterAPIWrapper.m */ = {isa = PBXFileReference; fileEncoding = 4; lastKnownFileType = sourcecode.c.objc; path = STTwitterAPIWrapper.m; sourceTree = "<group>"; };
		030ECC931616B7E30057C236 /* STTwitterHTML.h */ = {isa = PBXFileReference; fileEncoding = 4; lastKnownFileType = sourcecode.c.h; path = STTwitterHTML.h; sourceTree = "<group>"; };
		030ECC941616B7E30057C236 /* STTwitterHTML.m */ = {isa = PBXFileReference; fileEncoding = 4; lastKnownFileType = sourcecode.c.objc; path = STTwitterHTML.m; sourceTree = "<group>"; };
		030ECC951616B7E30057C236 /* STTwitterOAuth.h */ = {isa = PBXFileReference; fileEncoding = 4; lastKnownFileType = sourcecode.c.h; path = STTwitterOAuth.h; sourceTree = "<group>"; };
		030ECC961616B7E30057C236 /* STTwitterOAuth.m */ = {isa = PBXFileReference; fileEncoding = 4; lastKnownFileType = sourcecode.c.objc; path = STTwitterOAuth.m; sourceTree = "<group>"; };
		030ECC971616B7E30057C236 /* STTwitterOAuthOSX.h */ = {isa = PBXFileReference; fileEncoding = 4; lastKnownFileType = sourcecode.c.h; path = STTwitterOAuthOSX.h; sourceTree = "<group>"; };
		030ECC981616B7E30057C236 /* STTwitterOAuthOSX.m */ = {isa = PBXFileReference; fileEncoding = 4; lastKnownFileType = sourcecode.c.objc; path = STTwitterOAuthOSX.m; sourceTree = "<group>"; };
		030ECC991616B7E30057C236 /* STTwitterOAuthProtocol.h */ = {isa = PBXFileReference; fileEncoding = 4; lastKnownFileType = sourcecode.c.h; path = STTwitterOAuthProtocol.h; sourceTree = "<group>"; };
		030ECC9B1616B7E30057C236 /* STHTTPRequest.h */ = {isa = PBXFileReference; fileEncoding = 4; lastKnownFileType = sourcecode.c.h; path = STHTTPRequest.h; sourceTree = "<group>"; };
		030ECC9C1616B7E30057C236 /* STHTTPRequest.m */ = {isa = PBXFileReference; fileEncoding = 4; lastKnownFileType = sourcecode.c.objc; path = STHTTPRequest.m; sourceTree = "<group>"; };
		030ECCA81616B98B0057C236 /* AppDelegate.h */ = {isa = PBXFileReference; fileEncoding = 4; lastKnownFileType = sourcecode.c.h; path = AppDelegate.h; sourceTree = "<group>"; };
		030ECCA91616B98B0057C236 /* AppDelegate.m */ = {isa = PBXFileReference; fileEncoding = 4; lastKnownFileType = sourcecode.c.objc; path = AppDelegate.m; sourceTree = "<group>"; };
		030ECCAB1616B98B0057C236 /* en */ = {isa = PBXFileReference; lastKnownFileType = text.rtf; name = en; path = en.lproj/Credits.rtf; sourceTree = "<group>"; };
		030ECCAD1616B98B0057C236 /* en */ = {isa = PBXFileReference; lastKnownFileType = text.plist.strings; name = en; path = en.lproj/InfoPlist.strings; sourceTree = "<group>"; };
		030ECCAF1616B98B0057C236 /* en */ = {isa = PBXFileReference; lastKnownFileType = file.xib; name = en; path = en.lproj/MainMenu.xib; sourceTree = "<group>"; };
		030ECCB01616B98B0057C236 /* main.m */ = {isa = PBXFileReference; fileEncoding = 4; lastKnownFileType = sourcecode.c.objc; path = main.m; sourceTree = "<group>"; };
		030ECCB11616B98B0057C236 /* STTwitter-Info.plist */ = {isa = PBXFileReference; fileEncoding = 4; lastKnownFileType = text.plist.xml; path = "STTwitter-Info.plist"; sourceTree = "<group>"; };
		030ECCB21616B98B0057C236 /* STTwitter-Prefix.pch */ = {isa = PBXFileReference; fileEncoding = 4; lastKnownFileType = sourcecode.c.h; path = "STTwitter-Prefix.pch"; sourceTree = "<group>"; };
		030ECCB31616B98B0057C236 /* TwitterClients.plist */ = {isa = PBXFileReference; fileEncoding = 4; lastKnownFileType = text.plist.xml; path = TwitterClients.plist; sourceTree = "<group>"; };
		0327C967160E7B0B003EF769 /* Social.framework */ = {isa = PBXFileReference; lastKnownFileType = wrapper.framework; name = Social.framework; path = System/Library/Frameworks/Social.framework; sourceTree = SDKROOT; };
		0327C969160E7B16003EF769 /* Accounts.framework */ = {isa = PBXFileReference; lastKnownFileType = wrapper.framework; name = Accounts.framework; path = System/Library/Frameworks/Accounts.framework; sourceTree = SDKROOT; };
		03C7AA9715F76C8A0092A5E6 /* STTwitter.app */ = {isa = PBXFileReference; explicitFileType = wrapper.application; includeInIndex = 0; path = STTwitter.app; sourceTree = BUILT_PRODUCTS_DIR; };
		03C7AA9B15F76C8A0092A5E6 /* Cocoa.framework */ = {isa = PBXFileReference; lastKnownFileType = wrapper.framework; name = Cocoa.framework; path = System/Library/Frameworks/Cocoa.framework; sourceTree = SDKROOT; };
		03C7AA9E15F76C8A0092A5E6 /* AppKit.framework */ = {isa = PBXFileReference; lastKnownFileType = wrapper.framework; name = AppKit.framework; path = System/Library/Frameworks/AppKit.framework; sourceTree = SDKROOT; };
		03C7AA9F15F76C8A0092A5E6 /* CoreData.framework */ = {isa = PBXFileReference; lastKnownFileType = wrapper.framework; name = CoreData.framework; path = System/Library/Frameworks/CoreData.framework; sourceTree = SDKROOT; };
		03C7AAA015F76C8A0092A5E6 /* Foundation.framework */ = {isa = PBXFileReference; lastKnownFileType = wrapper.framework; name = Foundation.framework; path = System/Library/Frameworks/Foundation.framework; sourceTree = SDKROOT; };
		03C7AAB815F76C8B0092A5E6 /* STTwitterTests.octest */ = {isa = PBXFileReference; explicitFileType = wrapper.cfbundle; includeInIndex = 0; path = STTwitterTests.octest; sourceTree = BUILT_PRODUCTS_DIR; };
		03C7AAB915F76C8B0092A5E6 /* SenTestingKit.framework */ = {isa = PBXFileReference; lastKnownFileType = wrapper.framework; name = SenTestingKit.framework; path = Library/Frameworks/SenTestingKit.framework; sourceTree = DEVELOPER_DIR; };
		03DD4F1A15F88ECE00B7B69A /* CoreFoundation.framework */ = {isa = PBXFileReference; lastKnownFileType = wrapper.framework; name = CoreFoundation.framework; path = System/Library/Frameworks/CoreFoundation.framework; sourceTree = SDKROOT; };
		03DD4F1D15F88ED300B7B69A /* Security.framework */ = {isa = PBXFileReference; lastKnownFileType = wrapper.framework; name = Security.framework; path = System/Library/Frameworks/Security.framework; sourceTree = SDKROOT; };
/* End PBXFileReference section */

/* Begin PBXFrameworksBuildPhase section */
		03C7AA9415F76C8A0092A5E6 /* Frameworks */ = {
			isa = PBXFrameworksBuildPhase;
			buildActionMask = 2147483647;
			files = (
				0327C96A160E7B16003EF769 /* Accounts.framework in Frameworks */,
				0327C968160E7B0B003EF769 /* Social.framework in Frameworks */,
				03DD4F1E15F88ED300B7B69A /* Security.framework in Frameworks */,
				03DD4F1B15F88ECE00B7B69A /* CoreFoundation.framework in Frameworks */,
				03C7AA9C15F76C8A0092A5E6 /* Cocoa.framework in Frameworks */,
			);
			runOnlyForDeploymentPostprocessing = 0;
		};
		03C7AAB415F76C8B0092A5E6 /* Frameworks */ = {
			isa = PBXFrameworksBuildPhase;
			buildActionMask = 2147483647;
			files = (
				03C7AABA15F76C8B0092A5E6 /* SenTestingKit.framework in Frameworks */,
				03C7AABB15F76C8B0092A5E6 /* Cocoa.framework in Frameworks */,
				037F30EB1611EA9B003D874D /* Accounts.framework in Frameworks */,
				037F30ED1611EAA5003D874D /* Social.framework in Frameworks */,
				037F30EE1611EAB1003D874D /* Security.framework in Frameworks */,
			);
			runOnlyForDeploymentPostprocessing = 0;
		};
/* End PBXFrameworksBuildPhase section */

/* Begin PBXGroup section */
		030181881602C9DD006B91AB /* UnitTests */ = {
			isa = PBXGroup;
			children = (
				0301819E1602CBF8006B91AB /* Supporting Files */,
				030181911602CB36006B91AB /* STHTTPRequestUnitTestAdditions */,
				0301818C1602C9DD006B91AB /* STOAuthServiceTests.h */,
				0301818D1602C9DD006B91AB /* STOAuthServiceTests.m */,
			);
			path = UnitTests;
			sourceTree = "<group>";
		};
		030181911602CB36006B91AB /* STHTTPRequestUnitTestAdditions */ = {
			isa = PBXGroup;
			children = (
				030ECC531616B6A50057C236 /* STHTTPRequest+UnitTests.h */,
				030ECC541616B6A50057C236 /* STHTTPRequest+UnitTests.m */,
				030ECC551616B6A50057C236 /* STHTTPRequestTestResponse.h */,
				030ECC561616B6A50057C236 /* STHTTPRequestTestResponse.m */,
				030ECC571616B6A50057C236 /* STHTTPRequestTestResponseQueue.h */,
				030ECC581616B6A50057C236 /* STHTTPRequestTestResponseQueue.m */,
			);
			name = STHTTPRequestUnitTestAdditions;
			path = STHTTPRequests/STHTTPRequestUnitTestAdditions;
			sourceTree = SOURCE_ROOT;
		};
		0301819E1602CBF8006B91AB /* Supporting Files */ = {
			isa = PBXGroup;
			children = (
				030181891602C9DD006B91AB /* InfoPlist.strings */,
				0301818B1602C9DD006B91AB /* STTwitterTests-Info.plist */,
			);
			name = "Supporting Files";
			sourceTree = "<group>";
		};
		030ECC901616B7E30057C236 /* STTwitter */ = {
			isa = PBXGroup;
			children = (
				030ECC911616B7E30057C236 /* STTwitterAPIWrapper.h */,
				030ECC921616B7E30057C236 /* STTwitterAPIWrapper.m */,
				030ECC931616B7E30057C236 /* STTwitterHTML.h */,
				030ECC941616B7E30057C236 /* STTwitterHTML.m */,
				030ECC951616B7E30057C236 /* STTwitterOAuth.h */,
				030ECC961616B7E30057C236 /* STTwitterOAuth.m */,
				030ECC971616B7E30057C236 /* STTwitterOAuthOSX.h */,
				030ECC981616B7E30057C236 /* STTwitterOAuthOSX.m */,
				030ECC991616B7E30057C236 /* STTwitterOAuthProtocol.h */,
				030ECC9A1616B7E30057C236 /* Vendor */,
			);
			path = STTwitter;
			sourceTree = "<group>";
		};
		030ECC9A1616B7E30057C236 /* Vendor */ = {
			isa = PBXGroup;
			children = (
				030ECC9B1616B7E30057C236 /* STHTTPRequest.h */,
				030ECC9C1616B7E30057C236 /* STHTTPRequest.m */,
			);
			path = Vendor;
			sourceTree = "<group>";
		};
		030ECCA71616B98B0057C236 /* STTwitterDemo */ = {
			isa = PBXGroup;
			children = (
				030ECCA81616B98B0057C236 /* AppDelegate.h */,
				030ECCA91616B98B0057C236 /* AppDelegate.m */,
				030ECCAA1616B98B0057C236 /* Credits.rtf */,
				030ECCAC1616B98B0057C236 /* InfoPlist.strings */,
				030ECCAE1616B98B0057C236 /* MainMenu.xib */,
				030ECCB01616B98B0057C236 /* main.m */,
				030ECCB11616B98B0057C236 /* STTwitter-Info.plist */,
				030ECCB21616B98B0057C236 /* STTwitter-Prefix.pch */,
				030ECCB31616B98B0057C236 /* TwitterClients.plist */,
			);
			path = STTwitterDemo;
			sourceTree = "<group>";
		};
		03C7AA8C15F76C8A0092A5E6 = {
			isa = PBXGroup;
			children = (
				030ECC901616B7E30057C236 /* STTwitter */,
				030ECCA71616B98B0057C236 /* STTwitterDemo */,
				030181881602C9DD006B91AB /* UnitTests */,
				03C7AA9A15F76C8A0092A5E6 /* Frameworks */,
				03C7AA9815F76C8A0092A5E6 /* Products */,
			);
			sourceTree = "<group>";
		};
		03C7AA9815F76C8A0092A5E6 /* Products */ = {
			isa = PBXGroup;
			children = (
				03C7AA9715F76C8A0092A5E6 /* STTwitter.app */,
				03C7AAB815F76C8B0092A5E6 /* STTwitterTests.octest */,
			);
			name = Products;
			sourceTree = "<group>";
		};
		03C7AA9A15F76C8A0092A5E6 /* Frameworks */ = {
			isa = PBXGroup;
			children = (
				0327C969160E7B16003EF769 /* Accounts.framework */,
				0327C967160E7B0B003EF769 /* Social.framework */,
				03DD4F1D15F88ED300B7B69A /* Security.framework */,
				03DD4F1A15F88ECE00B7B69A /* CoreFoundation.framework */,
				03C7AA9B15F76C8A0092A5E6 /* Cocoa.framework */,
				03C7AAB915F76C8B0092A5E6 /* SenTestingKit.framework */,
				03C7AA9D15F76C8A0092A5E6 /* Other Frameworks */,
			);
			name = Frameworks;
			sourceTree = "<group>";
		};
		03C7AA9D15F76C8A0092A5E6 /* Other Frameworks */ = {
			isa = PBXGroup;
			children = (
				03C7AA9E15F76C8A0092A5E6 /* AppKit.framework */,
				03C7AA9F15F76C8A0092A5E6 /* CoreData.framework */,
				03C7AAA015F76C8A0092A5E6 /* Foundation.framework */,
			);
			name = "Other Frameworks";
			sourceTree = "<group>";
		};
/* End PBXGroup section */

/* Begin PBXNativeTarget section */
		03C7AA9615F76C8A0092A5E6 /* STTwitter */ = {
			isa = PBXNativeTarget;
			buildConfigurationList = 03C7AAC915F76C8B0092A5E6 /* Build configuration list for PBXNativeTarget "STTwitter" */;
			buildPhases = (
				03C7AA9315F76C8A0092A5E6 /* Sources */,
				03C7AA9415F76C8A0092A5E6 /* Frameworks */,
				03C7AA9515F76C8A0092A5E6 /* Resources */,
			);
			buildRules = (
			);
			dependencies = (
			);
			name = STTwitter;
			productName = STTwitter;
			productReference = 03C7AA9715F76C8A0092A5E6 /* STTwitter.app */;
			productType = "com.apple.product-type.application";
		};
		03C7AAB715F76C8B0092A5E6 /* STTwitterTests */ = {
			isa = PBXNativeTarget;
			buildConfigurationList = 03C7AACC15F76C8B0092A5E6 /* Build configuration list for PBXNativeTarget "STTwitterTests" */;
			buildPhases = (
				03C7AAB315F76C8B0092A5E6 /* Sources */,
				03C7AAB415F76C8B0092A5E6 /* Frameworks */,
				03C7AAB515F76C8B0092A5E6 /* Resources */,
				03C7AAB615F76C8B0092A5E6 /* ShellScript */,
			);
			buildRules = (
			);
			dependencies = (
				03C7AABD15F76C8B0092A5E6 /* PBXTargetDependency */,
			);
			name = STTwitterTests;
			productName = STTwitterTests;
			productReference = 03C7AAB815F76C8B0092A5E6 /* STTwitterTests.octest */;
			productType = "com.apple.product-type.bundle";
		};
/* End PBXNativeTarget section */

/* Begin PBXProject section */
		03C7AA8E15F76C8A0092A5E6 /* Project object */ = {
			isa = PBXProject;
			attributes = {
				LastUpgradeCheck = 0440;
				ORGANIZATIONNAME = "Nicolas Seriot";
			};
			buildConfigurationList = 03C7AA9115F76C8A0092A5E6 /* Build configuration list for PBXProject "STTwitter" */;
			compatibilityVersion = "Xcode 3.2";
			developmentRegion = English;
			hasScannedForEncodings = 0;
			knownRegions = (
				en,
			);
			mainGroup = 03C7AA8C15F76C8A0092A5E6;
			productRefGroup = 03C7AA9815F76C8A0092A5E6 /* Products */;
			projectDirPath = "";
			projectRoot = "";
			targets = (
				03C7AA9615F76C8A0092A5E6 /* STTwitter */,
				03C7AAB715F76C8B0092A5E6 /* STTwitterTests */,
			);
		};
/* End PBXProject section */

/* Begin PBXResourcesBuildPhase section */
		03C7AA9515F76C8A0092A5E6 /* Resources */ = {
			isa = PBXResourcesBuildPhase;
			buildActionMask = 2147483647;
			files = (
				030ECCB51616B98B0057C236 /* Credits.rtf in Resources */,
				030ECCB61616B98B0057C236 /* InfoPlist.strings in Resources */,
				030ECCB71616B98B0057C236 /* MainMenu.xib in Resources */,
				030ECCBA1616B98B0057C236 /* TwitterClients.plist in Resources */,
			);
			runOnlyForDeploymentPostprocessing = 0;
		};
		03C7AAB515F76C8B0092A5E6 /* Resources */ = {
			isa = PBXResourcesBuildPhase;
			buildActionMask = 2147483647;
			files = (
				0301818E1602C9DD006B91AB /* InfoPlist.strings in Resources */,
			);
			runOnlyForDeploymentPostprocessing = 0;
		};
/* End PBXResourcesBuildPhase section */

/* Begin PBXShellScriptBuildPhase section */
		03C7AAB615F76C8B0092A5E6 /* ShellScript */ = {
			isa = PBXShellScriptBuildPhase;
			buildActionMask = 2147483647;
			files = (
			);
			inputPaths = (
			);
			outputPaths = (
			);
			runOnlyForDeploymentPostprocessing = 0;
			shellPath = /bin/sh;
			shellScript = "# Run the unit tests in this test bundle.\n\"${SYSTEM_DEVELOPER_DIR}/Tools/RunUnitTests\"\n";
		};
/* End PBXShellScriptBuildPhase section */

/* Begin PBXSourcesBuildPhase section */
		03C7AA9315F76C8A0092A5E6 /* Sources */ = {
			isa = PBXSourcesBuildPhase;
			buildActionMask = 2147483647;
			files = (
				030ECC9D1616B7E30057C236 /* STTwitterAPIWrapper.m in Sources */,
				030ECC9F1616B7E30057C236 /* STTwitterHTML.m in Sources */,
				030ECCA11616B7E30057C236 /* STTwitterOAuth.m in Sources */,
				030ECCA31616B7E30057C236 /* STTwitterOAuthOSX.m in Sources */,
				030ECCA51616B7E30057C236 /* STHTTPRequest.m in Sources */,
				030ECCB41616B98B0057C236 /* AppDelegate.m in Sources */,
				030ECCB81616B98B0057C236 /* main.m in Sources */,
			);
			runOnlyForDeploymentPostprocessing = 0;
		};
		03C7AAB315F76C8B0092A5E6 /* Sources */ = {
			isa = PBXSourcesBuildPhase;
			buildActionMask = 2147483647;
			files = (
				030181901602C9DD006B91AB /* STOAuthServiceTests.m in Sources */,
				030ECC591616B6A50057C236 /* STHTTPRequest+UnitTests.m in Sources */,
				030ECC5A1616B6A50057C236 /* STHTTPRequestTestResponse.m in Sources */,
				030ECC5B1616B6A50057C236 /* STHTTPRequestTestResponseQueue.m in Sources */,
				030ECC9E1616B7E30057C236 /* STTwitterAPIWrapper.m in Sources */,
				030ECCA01616B7E30057C236 /* STTwitterHTML.m in Sources */,
				030ECCA21616B7E30057C236 /* STTwitterOAuth.m in Sources */,
				030ECCA41616B7E30057C236 /* STTwitterOAuthOSX.m in Sources */,
				030ECCA61616B7E30057C236 /* STHTTPRequest.m in Sources */,
			);
			runOnlyForDeploymentPostprocessing = 0;
		};
/* End PBXSourcesBuildPhase section */

/* Begin PBXTargetDependency section */
		03C7AABD15F76C8B0092A5E6 /* PBXTargetDependency */ = {
			isa = PBXTargetDependency;
			target = 03C7AA9615F76C8A0092A5E6 /* STTwitter */;
			targetProxy = 03C7AABC15F76C8B0092A5E6 /* PBXContainerItemProxy */;
		};
/* End PBXTargetDependency section */

/* Begin PBXVariantGroup section */
		030181891602C9DD006B91AB /* InfoPlist.strings */ = {
			isa = PBXVariantGroup;
			children = (
				0301818A1602C9DD006B91AB /* en */,
			);
			name = InfoPlist.strings;
			sourceTree = "<group>";
		};
		030ECCAA1616B98B0057C236 /* Credits.rtf */ = {
			isa = PBXVariantGroup;
			children = (
				030ECCAB1616B98B0057C236 /* en */,
			);
			name = Credits.rtf;
			sourceTree = "<group>";
		};
		030ECCAC1616B98B0057C236 /* InfoPlist.strings */ = {
			isa = PBXVariantGroup;
			children = (
				030ECCAD1616B98B0057C236 /* en */,
			);
			name = InfoPlist.strings;
			sourceTree = "<group>";
		};
		030ECCAE1616B98B0057C236 /* MainMenu.xib */ = {
			isa = PBXVariantGroup;
			children = (
				030ECCAF1616B98B0057C236 /* en */,
			);
			name = MainMenu.xib;
			sourceTree = "<group>";
		};
/* End PBXVariantGroup section */

/* Begin XCBuildConfiguration section */
		03C7AAC715F76C8B0092A5E6 /* Debug */ = {
			isa = XCBuildConfiguration;
			buildSettings = {
				ALWAYS_SEARCH_USER_PATHS = NO;
				ARCHS = "$(ARCHS_STANDARD_64_BIT)";
				CLANG_CXX_LANGUAGE_STANDARD = "gnu++0x";
				CLANG_WARN__DUPLICATE_METHOD_MATCH = YES;
				COPY_PHASE_STRIP = NO;
				GCC_C_LANGUAGE_STANDARD = gnu99;
				GCC_DYNAMIC_NO_PIC = NO;
				GCC_ENABLE_OBJC_EXCEPTIONS = YES;
				GCC_OPTIMIZATION_LEVEL = 0;
				GCC_PREPROCESSOR_DEFINITIONS = (
					"DEBUG=1",
					"$(inherited)",
				);
				GCC_SYMBOLS_PRIVATE_EXTERN = NO;
				GCC_WARN_64_TO_32_BIT_CONVERSION = YES;
				GCC_WARN_ABOUT_RETURN_TYPE = YES;
				GCC_WARN_UNINITIALIZED_AUTOS = YES;
				GCC_WARN_UNUSED_VARIABLE = YES;
				MACOSX_DEPLOYMENT_TARGET = 10.8;
				ONLY_ACTIVE_ARCH = YES;
				SDKROOT = macosx;
			};
			name = Debug;
		};
		03C7AAC815F76C8B0092A5E6 /* Release */ = {
			isa = XCBuildConfiguration;
			buildSettings = {
				ALWAYS_SEARCH_USER_PATHS = NO;
				ARCHS = "$(ARCHS_STANDARD_64_BIT)";
				CLANG_CXX_LANGUAGE_STANDARD = "gnu++0x";
				CLANG_WARN__DUPLICATE_METHOD_MATCH = YES;
				COPY_PHASE_STRIP = YES;
				DEBUG_INFORMATION_FORMAT = "dwarf-with-dsym";
				GCC_C_LANGUAGE_STANDARD = gnu99;
				GCC_ENABLE_OBJC_EXCEPTIONS = YES;
				GCC_WARN_64_TO_32_BIT_CONVERSION = YES;
				GCC_WARN_ABOUT_RETURN_TYPE = YES;
				GCC_WARN_UNINITIALIZED_AUTOS = YES;
				GCC_WARN_UNUSED_VARIABLE = YES;
				MACOSX_DEPLOYMENT_TARGET = 10.8;
				SDKROOT = macosx;
			};
			name = Release;
		};
		03C7AACA15F76C8B0092A5E6 /* Debug */ = {
			isa = XCBuildConfiguration;
			buildSettings = {
				COMBINE_HIDPI_IMAGES = YES;
				GCC_PRECOMPILE_PREFIX_HEADER = YES;
				GCC_PREFIX_HEADER = "STTwitterDemo/STTwitter-Prefix.pch";
				INFOPLIST_FILE = "STTwitterDemo/STTwitter-Info.plist";
				PRODUCT_NAME = STTwitter;
				WRAPPER_EXTENSION = app;
			};
			name = Debug;
		};
		03C7AACB15F76C8B0092A5E6 /* Release */ = {
			isa = XCBuildConfiguration;
			buildSettings = {
				COMBINE_HIDPI_IMAGES = YES;
				GCC_PRECOMPILE_PREFIX_HEADER = YES;
				GCC_PREFIX_HEADER = "STTwitterDemo/STTwitter-Prefix.pch";
				INFOPLIST_FILE = "STTwitterDemo/STTwitter-Info.plist";
				PRODUCT_NAME = STTwitter;
				WRAPPER_EXTENSION = app;
			};
			name = Release;
		};
		03C7AACD15F76C8B0092A5E6 /* Debug */ = {
			isa = XCBuildConfiguration;
			buildSettings = {
				BUNDLE_LOADER = "$(BUILT_PRODUCTS_DIR)/STTwitter.app/Contents/MacOS/STTwitter";
				COMBINE_HIDPI_IMAGES = YES;
				FRAMEWORK_SEARCH_PATHS = "\"$(DEVELOPER_LIBRARY_DIR)/Frameworks\"";
				GCC_PRECOMPILE_PREFIX_HEADER = YES;
				GCC_PREFIX_HEADER = "STTwitterDemo/STTwitter-Prefix.pch";
				INFOPLIST_FILE = "UnitTests/STTwitterTests-Info.plist";
				PRODUCT_NAME = STTwitterTests;
				TEST_HOST = "$(BUNDLE_LOADER)";
				WRAPPER_EXTENSION = octest;
			};
			name = Debug;
		};
		03C7AACE15F76C8B0092A5E6 /* Release */ = {
			isa = XCBuildConfiguration;
			buildSettings = {
				BUNDLE_LOADER = "$(BUILT_PRODUCTS_DIR)/STTwitter.app/Contents/MacOS/STTwitter";
				COMBINE_HIDPI_IMAGES = YES;
				FRAMEWORK_SEARCH_PATHS = "\"$(DEVELOPER_LIBRARY_DIR)/Frameworks\"";
				GCC_PRECOMPILE_PREFIX_HEADER = YES;
				GCC_PREFIX_HEADER = "STTwitterDemo/STTwitter-Prefix.pch";
				INFOPLIST_FILE = "UnitTests/STTwitterTests-Info.plist";
				PRODUCT_NAME = STTwitterTests;
				TEST_HOST = "$(BUNDLE_LOADER)";
				WRAPPER_EXTENSION = octest;
			};
			name = Release;
		};
/* End XCBuildConfiguration section */

/* Begin XCConfigurationList section */
		03C7AA9115F76C8A0092A5E6 /* Build configuration list for PBXProject "STTwitter" */ = {
			isa = XCConfigurationList;
			buildConfigurations = (
				03C7AAC715F76C8B0092A5E6 /* Debug */,
				03C7AAC815F76C8B0092A5E6 /* Release */,
			);
			defaultConfigurationIsVisible = 0;
			defaultConfigurationName = Debug;
		};
		03C7AAC915F76C8B0092A5E6 /* Build configuration list for PBXNativeTarget "STTwitter" */ = {
			isa = XCConfigurationList;
			buildConfigurations = (
				03C7AACA15F76C8B0092A5E6 /* Debug */,
				03C7AACB15F76C8B0092A5E6 /* Release */,
			);
			defaultConfigurationIsVisible = 0;
			defaultConfigurationName = Debug;
		};
		03C7AACC15F76C8B0092A5E6 /* Build configuration list for PBXNativeTarget "STTwitterTests" */ = {
			isa = XCConfigurationList;
			buildConfigurations = (
				03C7AACD15F76C8B0092A5E6 /* Debug */,
				03C7AACE15F76C8B0092A5E6 /* Release */,
			);
			defaultConfigurationIsVisible = 0;
			defaultConfigurationName = Debug;
		};
/* End XCConfigurationList section */
	};
	rootObject = 03C7AA8E15F76C8A0092A5E6 /* Project object */;
}
